
Microsoft Visual Studio Solution File, Format Version 12.00
# Visual Studio Version 16
VisualStudioVersion = 16.0.31624.102
MinimumVisualStudioVersion = 10.0.40219.1
Project("{9A19103F-16F7-4668-BE54-9A1E7A4F7556}") = "ConsoleUI", "ConsoleUI\ConsoleUI.csproj", "{07EF8679-ABCB-4C1A-8DC2-379B50C8B7FA}"
	ProjectSection(ProjectDependencies) = postProject
		{4CEB1491-20CA-4A1C-8D5B-7A18EB054B83} = {4CEB1491-20CA-4A1C-8D5B-7A18EB054B83}
	EndProjectSection
EndProject
Project("{9A19103F-16F7-4668-BE54-9A1E7A4F7556}") = "Entities", "Entities\Entities.csproj", "{4CEB1491-20CA-4A1C-8D5B-7A18EB054B83}"
EndProject
Project("{9A19103F-16F7-4668-BE54-9A1E7A4F7556}") = "Statistika", "Statistika\Statistika.csproj", "{96208F2C-766E-413A-83B5-64BA88FB9D68}"
	ProjectSection(ProjectDependencies) = postProject
		{4CEB1491-20CA-4A1C-8D5B-7A18EB054B83} = {4CEB1491-20CA-4A1C-8D5B-7A18EB054B83}
	EndProjectSection
EndProject
Global
	GlobalSection(SolutionConfigurationPlatforms) = preSolution
		Debug|Any CPU = Debug|Any CPU
		Release|Any CPU = Release|Any CPU
	EndGlobalSection
	GlobalSection(ProjectConfigurationPlatforms) = postSolution
		{07EF8679-ABCB-4C1A-8DC2-379B50C8B7FA}.Debug|Any CPU.ActiveCfg = Debug|Any CPU
		{07EF8679-ABCB-4C1A-8DC2-379B50C8B7FA}.Debug|Any CPU.Build.0 = Debug|Any CPU
		{07EF8679-ABCB-4C1A-8DC2-379B50C8B7FA}.Release|Any CPU.ActiveCfg = Release|Any CPU
		{07EF8679-ABCB-4C1A-8DC2-379B50C8B7FA}.Release|Any CPU.Build.0 = Release|Any CPU
		{4CEB1491-20CA-4A1C-8D5B-7A18EB054B83}.Debug|Any CPU.ActiveCfg = Debug|Any CPU
		{4CEB1491-20CA-4A1C-8D5B-7A18EB054B83}.Debug|Any CPU.Build.0 = Debug|Any CPU
		{4CEB1491-20CA-4A1C-8D5B-7A18EB054B83}.Release|Any CPU.ActiveCfg = Release|Any CPU
		{4CEB1491-20CA-4A1C-8D5B-7A18EB054B83}.Release|Any CPU.Build.0 = Release|Any CPU
		{96208F2C-766E-413A-83B5-64BA88FB9D68}.Debug|Any CPU.ActiveCfg = Debug|Any CPU
		{96208F2C-766E-413A-83B5-64BA88FB9D68}.Debug|Any CPU.Build.0 = Debug|Any CPU
		{96208F2C-766E-413A-83B5-64BA88FB9D68}.Release|Any CPU.ActiveCfg = Release|Any CPU
		{96208F2C-766E-413A-83B5-64BA88FB9D68}.Release|Any CPU.Build.0 = Release|Any CPU
	EndGlobalSection
	GlobalSection(SolutionProperties) = preSolution
		HideSolutionNode = FALSE
	EndGlobalSection
	GlobalSection(ExtensibilityGlobals) = postSolution
		SolutionGuid = {89E3AFAB-FA8A-4F11-98EC-B1C80407C2F4}
	EndGlobalSection
EndGlobal
